
Microsoft Visual Studio Solution File, Format Version 12.00
# Visual Studio Version 17
VisualStudioVersion = 17.8.34330.188
MinimumVisualStudioVersion = 10.0.40219.1
Project("{FAE04EC0-301F-11D3-BF4B-00C04F79EFBC}") = "IntelliTEDxWebsite", "IntelliTEDxWebsite.csproj", "{A1E86022-C237-4C0D-A5AF-AFDB7EB3B163}"
EndProject
Global
	GlobalSection(SolutionConfigurationPlatforms) = preSolution
		Debug|Any CPU = Debug|Any CPU
		Release|Any CPU = Release|Any CPU
	EndGlobalSection
	GlobalSection(ProjectConfigurationPlatforms) = postSolution
		{A1E86022-C237-4C0D-A5AF-AFDB7EB3B163}.Debug|Any CPU.ActiveCfg = Debug|Any CPU
		{A1E86022-C237-4C0D-A5AF-AFDB7EB3B163}.Debug|Any CPU.Build.0 = Debug|Any CPU
		{A1E86022-C237-4C0D-A5AF-AFDB7EB3B163}.Release|Any CPU.ActiveCfg = Release|Any CPU
		{A1E86022-C237-4C0D-A5AF-AFDB7EB3B163}.Release|Any CPU.Build.0 = Release|Any CPU
	EndGlobalSection
	GlobalSection(SolutionProperties) = preSolution
		HideSolutionNode = FALSE
	EndGlobalSection
	GlobalSection(ExtensibilityGlobals) = postSolution
		SolutionGuid = {1C6FC18D-39B3-47B9-A80B-2B6B00CEA486}
	EndGlobalSection
EndGlobal
